# THIS IS AN AUTOGENERATED FILE. DO NOT EDIT THIS FILE DIRECTLY.
# yarn lockfile v1


asynckit@^0.4.0:
  version "0.4.0"
  resolved "https://registry.yarnpkg.com/asynckit/-/asynckit-0.4.0.tgz#c79ed97f7f34cb8f2ba1bc9790bcc366474b4b79"
  integrity sha512-Oei9OH4tRh0YqU3GxhX79dM/mwVgvbZJaSNaRk+bshkj0S5cfHcgYakreBjrHwatXKbz+IoIdYLxrKim2MjW0Q==

axios@^1.6.5:
  version "1.6.5"
  resolved "https://registry.yarnpkg.com/axios/-/axios-1.6.5.tgz#2c090da14aeeab3770ad30c3a1461bc970fb0cd8"
  integrity sha512-Ii012v05KEVuUoFWmMW/UQv9aRIc3ZwkWDcM+h5Il8izZCtRVpDUfwpoFf7eOtajT3QiGR4yDUx7lPqHJULgbg==
  dependencies:
    follow-redirects "^1.15.4"
    form-data "^4.0.0"
    proxy-from-env "^1.1.0"

combined-stream@^1.0.8:
  version "1.0.8"
  resolved "https://registry.yarnpkg.com/combined-stream/-/combined-stream-1.0.8.tgz#c3d45a8b34fd730631a110a8a2520682b31d5a7f"
  integrity sha512-FQN4MRfuJeHf7cBbBMJFXhKSDq+2kAArBlmRBvcvFE5BB1HZKXtSFASDhdlz9zOYwxh8lDdnvmMOe/+5cdoEdg==
  dependencies:
    delayed-stream "~1.0.0"

delayed-stream@~1.0.0:
  version "1.0.0"
  resolved "https://registry.yarnpkg.com/delayed-stream/-/delayed-stream-1.0.0.tgz#df3ae199acadfb7d440aaae0b29e2272b24ec619"
  integrity sha512-ZySD7Nf91aLB0RxL4KGrKHBXl7Eds1DAmEdcoVawXnLD7SDhpNgtuII2aAkg7a7QS41jxPSZ17p4VdGnMHk3MQ==

dotenv@8.2.0:
  version "8.2.0"
  resolved "https://registry.yarnpkg.com/dotenv/-/dotenv-8.2.0.tgz#97e619259ada750eea3e4ea3e26bceea5424b16a"
  integrity sha512-8sJ78ElpbDJBHNeBzUbUVLsqKdccaa/BXF1uPTw3GrvQTBgrQrtObr2mUrE38vzYd8cEv+m/JBfDLioYcfXoaw==

follow-redirects@^1.15.4:
  version "1.15.4"
  resolved "https://registry.yarnpkg.com/follow-redirects/-/follow-redirects-1.15.4.tgz#cdc7d308bf6493126b17ea2191ea0ccf3e535adf"
  integrity sha512-Cr4D/5wlrb0z9dgERpUL3LrmPKVDsETIJhaCMeDfuFYcqa5bldGV6wBsAN6X/vxlXQtFBMrXdXxdL8CbDTGniw==

form-data@^4.0.0:
  version "4.0.0"
  resolved "https://registry.yarnpkg.com/form-data/-/form-data-4.0.0.tgz#93919daeaf361ee529584b9b31664dc12c9fa452"
  integrity sha512-ETEklSGi5t0QMZuiXoA/Q6vcnxcLQP5vdugSpuAyi6SVGi2clPPp+xgEhuMaHC+zGgn31Kd235W35f7Hykkaww==
  dependencies:
    asynckit "^0.4.0"
    combined-stream "^1.0.8"
    mime-types "^2.1.12"

jest-mock-extended@^1.0.9:
  version "1.0.18"
  resolved "https://registry.yarnpkg.com/jest-mock-extended/-/jest-mock-extended-1.0.18.tgz#27a40e882c09f8230243fc6765fe7285b03f2b4b"
  integrity sha512-qf1n7lIa2dTxxPIBr+FlXrbj3hnV1sG9DPZsrr2H/8W+Jw0wt6OmeOQsPcjRuW8EXIECC9pDXsSIfEdn+HP7JQ==
  dependencies:
    ts-essentials "^7.0.2"

jest-slow-test-reporter@^1.0.0:
  version "1.0.0"
  resolved "https://registry.yarnpkg.com/jest-slow-test-reporter/-/jest-slow-test-reporter-1.0.0.tgz#cb8b4fa3212c1bf9fd3794c79faf0c863807d59e"
  integrity sha512-5FG8hlaO7Wdgdo6oQxGiFAKwd1HW51+8/KmQJgUV3bsW3cCXx9TukaoGnHhBl+hwLkCYENynWL1PQnG8DwOV6w==

mime-db@1.52.0:
  version "1.52.0"
  resolved "https://registry.yarnpkg.com/mime-db/-/mime-db-1.52.0.tgz#bbabcdc02859f4987301c856e3387ce5ec43bf70"
  integrity sha512-sPU4uV7dYlvtWJxwwxHD0PuihVNiE7TyAbQ5SWxDCB9mUYvOgroQOwYQQOKPJ8CIbE+1ETVlOoK1UC2nU3gYvg==

mime-types@^2.1.12:
  version "2.1.35"
  resolved "https://registry.yarnpkg.com/mime-types/-/mime-types-2.1.35.tgz#381a871b62a734450660ae3deee44813f70d959a"
  integrity sha512-ZDY+bPm5zTTF+YpCrAU9nK0UgICYPT0QtT1NZWFv4s++TNkcgVaT0g6+4R2uI4MjQjzysHB1zxuWL50hzaeXiw==
  dependencies:
    mime-db "1.52.0"

proxy-from-env@^1.1.0:
  version "1.1.0"
  resolved "https://registry.yarnpkg.com/proxy-from-env/-/proxy-from-env-1.1.0.tgz#e102f16ca355424865755d2c9e8ea4f24d58c3e2"
  integrity sha512-D+zkORCbA9f1tdWRK0RaCR3GPv50cMxcrz4X8k5LTSUD1Dkw47mKJEZQNunItRTkWwgtaUSo1RVFRIG9ZXiFYg==

ts-essentials@^7.0.2:
  version "7.0.3"
  resolved "https://registry.yarnpkg.com/ts-essentials/-/ts-essentials-7.0.3.tgz#686fd155a02133eedcc5362dc8b5056cde3e5a38"
  integrity sha512-8+gr5+lqO3G84KdiTSMRLtuyJ+nTBVRKuCrK4lidMPdVeEp0uqC875uE5NMcaA7YYMN7XsNiFQuMvasF8HT/xQ==

tunnel@0.0.6:
  version "0.0.6"
  resolved "https://registry.yarnpkg.com/tunnel/-/tunnel-0.0.6.tgz#72f1314b34a5b192db012324df2cc587ca47f92c"
  integrity sha512-1h/Lnq9yajKY2PEbBadPXj3VxsDDu844OnaAo52UVmIzIvwwtBPIuNvkjuzBlTWpfJyUbG3ez0KSBibQkj4ojg==
